<Solution>
  <Folder Name="/1.GRPC/" />
  <Folder Name="/1.GRPC/Clients/">
    <Project Path="1.GRPC/Clients/GRPC_Console_App/GRPC_Console_App.csproj" Id="bb6b75de-8329-4d96-8423-b0054c3ef7c3" />
    <Project Path="1.GRPC/Clients/GRPC_Form_App/GRPC_Form_App.csproj" Id="6b5265d6-dd8c-40b1-bed7-80960affe308" />
  </Folder>
  <Folder Name="/1.GRPC/Server/">
    <Project Path="1.GRPC/Server/GRPC_App/GRPC_App.csproj" Id="252ce2ef-dcef-4ab7-82c1-5467723d2d67" />
  </Folder>
  <Folder Name="/BasketSolution/">
    <Project Path="BasketSolution/BasketApp/BasketApp.csproj" Id="4cab66e9-a829-4fac-9505-b86e0286faa9" />
  </Folder>
  <Folder Name="/DiscountSolution/">
    <Project Path="DiscountSolution/DiscountApp/DiscountApp.csproj" Id="c5cf3d06-8de0-47ac-acf4-8467ae12eb6e" />
  </Folder>
  <Folder Name="/OrderSolution/">
    <Project Path="OrderSolution/OrderApp/OrderApp.csproj" Id="c9e0b6ef-d0a2-4c30-88a5-d944da26cf25" />
  </Folder>
  <Folder Name="/ProductSolution/">
    <Project Path="ProductSolution/ProductApp/ProductApp.csproj" Id="3813a900-24c7-4d44-9f94-458c6b12bbbf" />
  </Folder>
  <Folder Name="/UserSolution/">
    <Project Path="UserSolution/UserApp/UserApp.csproj" Id="1f6b0cd6-0d0e-4fc4-997f-fb97b46faf60" />
  </Folder>
</Solution>
